// !$*UTF8*$!
{
	archiveVersion = 1;
	classes = {
	};
	objectVersion = 77;
	objects = {

/* Begin PBXContainerItemProxy section */
		8D36888B2CB082DA00B1F472 /* PBXContainerItemProxy */ = {
			isa = PBXContainerItemProxy;
			containerPortal = 8D3688712CB082D800B1F472 /* Project object */;
			proxyType = 1;
			remoteGlobalIDString = 8D3688782CB082D800B1F472;
			remoteInfo = "Tiempo de Uso";
		};
		8D3688952CB082DA00B1F472 /* PBXContainerItemProxy */ = {
			isa = PBXContainerItemProxy;
			containerPortal = 8D3688712CB082D800B1F472 /* Project object */;
			proxyType = 1;
			remoteGlobalIDString = 8D3688782CB082D800B1F472;
			remoteInfo = "Tiempo de Uso";
		};
/* End PBXContainerItemProxy section */

/* Begin PBXFileReference section */
		8D3688792CB082D800B1F472 /* Tiempo de Uso.app */ = {isa = PBXFileReference; explicitFileType = wrapper.application; includeInIndex = 0; path = "Tiempo de Uso.app"; sourceTree = BUILT_PRODUCTS_DIR; };
		8D36888A2CB082DA00B1F472 /* Tiempo de UsoTests.xctest */ = {isa = PBXFileReference; explicitFileType = wrapper.cfbundle; includeInIndex = 0; path = "Tiempo de UsoTests.xctest"; sourceTree = BUILT_PRODUCTS_DIR; };
		8D3688942CB082DA00B1F472 /* Tiempo de UsoUITests.xctest */ = {isa = PBXFileReference; explicitFileType = wrapper.cfbundle; includeInIndex = 0; path = "Tiempo de UsoUITests.xctest"; sourceTree = BUILT_PRODUCTS_DIR; };
/* End PBXFileReference section */

/* Begin PBXFileSystemSynchronizedRootGroup section */
		8D36887B2CB082D800B1F472 /* Tiempo de Uso */ = {
			isa = PBXFileSystemSynchronizedRootGroup;
			path = "Tiempo de Uso";
			sourceTree = "<group>";
		};
		8D36888D2CB082DA00B1F472 /* Tiempo de UsoTests */ = {
			isa = PBXFileSystemSynchronizedRootGroup;
			path = "Tiempo de UsoTests";
			sourceTree = "<group>";
		};
		8D3688972CB082DA00B1F472 /* Tiempo de UsoUITests */ = {
			isa = PBXFileSystemSynchronizedRootGroup;
			path = "Tiempo de UsoUITests";
			sourceTree = "<group>";
		};
/* End PBXFileSystemSynchronizedRootGroup section */

/* Begin PBXFrameworksBuildPhase section */
		8D3688762CB082D800B1F472 /* Frameworks */ = {
			isa = PBXFrameworksBuildPhase;
			buildActionMask = 2147483647;
			files = (
			);
			runOnlyForDeploymentPostprocessing = 0;
		};
		8D3688872CB082DA00B1F472 /* Frameworks */ = {
			isa = PBXFrameworksBuildPhase;
			buildActionMask = 2147483647;
			files = (
			);
			runOnlyForDeploymentPostprocessing = 0;
		};
		8D3688912CB082DA00B1F472 /* Frameworks */ = {
			isa = PBXFrameworksBuildPhase;
			buildActionMask = 2147483647;
			files = (
			);
			runOnlyForDeploymentPostprocessing = 0;
		};
/* End PBXFrameworksBuildPhase section */

/* Begin PBXGroup section */
		8D3688702CB082D800B1F472 = {
			isa = PBXGroup;
			children = (
				8D36887B2CB082D800B1F472 /* Tiempo de Uso */,
				8D36888D2CB082DA00B1F472 /* Tiempo de UsoTests */,
				8D3688972CB082DA00B1F472 /* Tiempo de UsoUITests */,
				8D36887A2CB082D800B1F472 /* Products */,
			);
			sourceTree = "<group>";
		};
		8D36887A2CB082D800B1F472 /* Products */ = {
			isa = PBXGroup;
			children = (
				8D3688792CB082D800B1F472 /* Tiempo de Uso.app */,
				8D36888A2CB082DA00B1F472 /* Tiempo de UsoTests.xctest */,
				8D3688942CB082DA00B1F472 /* Tiempo de UsoUITests.xctest */,
			);
			name = Products;
			sourceTree = "<group>";
		};
/* End PBXGroup section */

/* Begin PBXNativeTarget section */
		8D3688782CB082D800B1F472 /* Tiempo de Uso */ = {
			isa = PBXNativeTarget;
			buildConfigurationList = 8D36889E2CB082DA00B1F472 /* Build configuration list for PBXNativeTarget "Tiempo de Uso" */;
			buildPhases = (
				8D3688752CB082D800B1F472 /* Sources */,
				8D3688762CB082D800B1F472 /* Frameworks */,
				8D3688772CB082D800B1F472 /* Resources */,
			);
			buildRules = (
			);
			dependencies = (
			);
			fileSystemSynchronizedGroups = (
				8D36887B2CB082D800B1F472 /* Tiempo de Uso */,
			);
			name = "Tiempo de Uso";
			packageProductDependencies = (
			);
			productName = "Tiempo de Uso";
			productReference = 8D3688792CB082D800B1F472 /* Tiempo de Uso.app */;
			productType = "com.apple.product-type.application";
		};
		8D3688892CB082DA00B1F472 /* Tiempo de UsoTests */ = {
			isa = PBXNativeTarget;
			buildConfigurationList = 8D3688A12CB082DA00B1F472 /* Build configuration list for PBXNativeTarget "Tiempo de UsoTests" */;
			buildPhases = (
				8D3688862CB082DA00B1F472 /* Sources */,
				8D3688872CB082DA00B1F472 /* Frameworks */,
				8D3688882CB082DA00B1F472 /* Resources */,
			);
			buildRules = (
			);
			dependencies = (
				8D36888C2CB082DA00B1F472 /* PBXTargetDependency */,
			);
			fileSystemSynchronizedGroups = (
				8D36888D2CB082DA00B1F472 /* Tiempo de UsoTests */,
			);
			name = "Tiempo de UsoTests";
			packageProductDependencies = (
			);
			productName = "Tiempo de UsoTests";
			productReference = 8D36888A2CB082DA00B1F472 /* Tiempo de UsoTests.xctest */;
			productType = "com.apple.product-type.bundle.unit-test";
		};
		8D3688932CB082DA00B1F472 /* Tiempo de UsoUITests */ = {
			isa = PBXNativeTarget;
			buildConfigurationList = 8D3688A42CB082DA00B1F472 /* Build configuration list for PBXNativeTarget "Tiempo de UsoUITests" */;
			buildPhases = (
				8D3688902CB082DA00B1F472 /* Sources */,
				8D3688912CB082DA00B1F472 /* Frameworks */,
				8D3688922CB082DA00B1F472 /* Resources */,
			);
			buildRules = (
			);
			dependencies = (
				8D3688962CB082DA00B1F472 /* PBXTargetDependency */,
			);
			fileSystemSynchronizedGroups = (
				8D3688972CB082DA00B1F472 /* Tiempo de UsoUITests */,
			);
			name = "Tiempo de UsoUITests";
			packageProductDependencies = (
			);
			productName = "Tiempo de UsoUITests";
			productReference = 8D3688942CB082DA00B1F472 /* Tiempo de UsoUITests.xctest */;
			productType = "com.apple.product-type.bundle.ui-testing";
		};
/* End PBXNativeTarget section */

/* Begin PBXProject section */
		8D3688712CB082D800B1F472 /* Project object */ = {
			isa = PBXProject;
			attributes = {
				BuildIndependentTargetsInParallel = 1;
				LastSwiftUpdateCheck = 1610;
				LastUpgradeCheck = 1610;
				TargetAttributes = {
					8D3688782CB082D800B1F472 = {
						CreatedOnToolsVersion = 16.1;
					};
					8D3688892CB082DA00B1F472 = {
						CreatedOnToolsVersion = 16.1;
						TestTargetID = 8D3688782CB082D800B1F472;
					};
					8D3688932CB082DA00B1F472 = {
						CreatedOnToolsVersion = 16.1;
						TestTargetID = 8D3688782CB082D800B1F472;
					};
				};
			};
			buildConfigurationList = 8D3688742CB082D800B1F472 /* Build configuration list for PBXProject "Tiempo de Uso" */;
			developmentRegion = en;
			hasScannedForEncodings = 0;
			knownRegions = (
				en,
				Base,
			);
			mainGroup = 8D3688702CB082D800B1F472;
			minimizedProjectReferenceProxies = 1;
			preferredProjectObjectVersion = 77;
			productRefGroup = 8D36887A2CB082D800B1F472 /* Products */;
			projectDirPath = "";
			projectRoot = "";
			targets = (
				8D3688782CB082D800B1F472 /* Tiempo de Uso */,
				8D3688892CB082DA00B1F472 /* Tiempo de UsoTests */,
				8D3688932CB082DA00B1F472 /* Tiempo de UsoUITests */,
			);
		};
/* End PBXProject section */

/* Begin PBXResourcesBuildPhase section */
		8D3688772CB082D800B1F472 /* Resources */ = {
			isa = PBXResourcesBuildPhase;
			buildActionMask = 2147483647;
			files = (
			);
			runOnlyForDeploymentPostprocessing = 0;
		};
		8D3688882CB082DA00B1F472 /* Resources */ = {
			isa = PBXResourcesBuildPhase;
			buildActionMask = 2147483647;
			files = (
			);
			runOnlyForDeploymentPostprocessing = 0;
		};
		8D3688922CB082DA00B1F472 /* Resources */ = {
			isa = PBXResourcesBuildPhase;
			buildActionMask = 2147483647;
			files = (
			);
			runOnlyForDeploymentPostprocessing = 0;
		};
/* End PBXResourcesBuildPhase section */

/* Begin PBXSourcesBuildPhase section */
		8D3688752CB082D800B1F472 /* Sources */ = {
			isa = PBXSourcesBuildPhase;
			buildActionMask = 2147483647;
			files = (
			);
			runOnlyForDeploymentPostprocessing = 0;
		};
		8D3688862CB082DA00B1F472 /* Sources */ = {
			isa = PBXSourcesBuildPhase;
			buildActionMask = 2147483647;
			files = (
			);
			runOnlyForDeploymentPostprocessing = 0;
		};
		8D3688902CB082DA00B1F472 /* Sources */ = {
			isa = PBXSourcesBuildPhase;
			buildActionMask = 2147483647;
			files = (
			);
			runOnlyForDeploymentPostprocessing = 0;
		};
/* End PBXSourcesBuildPhase section */

/* Begin PBXTargetDependency section */
		8D36888C2CB082DA00B1F472 /* PBXTargetDependency */ = {
			isa = PBXTargetDependency;
			target = 8D3688782CB082D800B1F472 /* Tiempo de Uso */;
			targetProxy = 8D36888B2CB082DA00B1F472 /* PBXContainerItemProxy */;
		};
		8D3688962CB082DA00B1F472 /* PBXTargetDependency */ = {
			isa = PBXTargetDependency;
			target = 8D3688782CB082D800B1F472 /* Tiempo de Uso */;
			targetProxy = 8D3688952CB082DA00B1F472 /* PBXContainerItemProxy */;
		};
/* End PBXTargetDependency section */

/* Begin XCBuildConfiguration section */
		8D36889C2CB082DA00B1F472 /* Debug */ = {
			isa = XCBuildConfiguration;
			buildSettings = {
				ALWAYS_SEARCH_USER_PATHS = NO;
				ASSETCATALOG_COMPILER_GENERATE_SWIFT_ASSET_SYMBOL_EXTENSIONS = YES;
				CLANG_ANALYZER_NONNULL = YES;
				CLANG_ANALYZER_NUMBER_OBJECT_CONVERSION = YES_AGGRESSIVE;
				CLANG_CXX_LANGUAGE_STANDARD = "gnu++20";
				CLANG_ENABLE_MODULES = YES;
				CLANG_ENABLE_OBJC_ARC = YES;
				CLANG_ENABLE_OBJC_WEAK = YES;
				CLANG_WARN_BLOCK_CAPTURE_AUTORELEASING = YES;
				CLANG_WARN_BOOL_CONVERSION = YES;
				CLANG_WARN_COMMA = YES;
				CLANG_WARN_CONSTANT_CONVERSION = YES;
				CLANG_WARN_DEPRECATED_OBJC_IMPLEMENTATIONS = YES;
				CLANG_WARN_DIRECT_OBJC_ISA_USAGE = YES_ERROR;
				CLANG_WARN_DOCUMENTATION_COMMENTS = YES;
				CLANG_WARN_EMPTY_BODY = YES;
				CLANG_WARN_ENUM_CONVERSION = YES;
				CLANG_WARN_INFINITE_RECURSION = YES;
				CLANG_WARN_INT_CONVERSION = YES;
				CLANG_WARN_NON_LITERAL_NULL_CONVERSION = YES;
				CLANG_WARN_OBJC_IMPLICIT_RETAIN_SELF = YES;
				CLANG_WARN_OBJC_LITERAL_CONVERSION = YES;
				CLANG_WARN_OBJC_ROOT_CLASS = YES_ERROR;
				CLANG_WARN_QUOTED_INCLUDE_IN_FRAMEWORK_HEADER = YES;
				CLANG_WARN_RANGE_LOOP_ANALYSIS = YES;
				CLANG_WARN_STRICT_PROTOTYPES = YES;
				CLANG_WARN_SUSPICIOUS_MOVE = YES;
				CLANG_WARN_UNGUARDED_AVAILABILITY = YES_AGGRESSIVE;
				CLANG_WARN_UNREACHABLE_CODE = YES;
				CLANG_WARN__DUPLICATE_METHOD_MATCH = YES;
				COPY_PHASE_STRIP = NO;
				DEBUG_INFORMATION_FORMAT = dwarf;
				ENABLE_STRICT_OBJC_MSGSEND = YES;
				ENABLE_TESTABILITY = YES;
				ENABLE_USER_SCRIPT_SANDBOXING = YES;
				GCC_C_LANGUAGE_STANDARD = gnu17;
				GCC_DYNAMIC_NO_PIC = NO;
				GCC_NO_COMMON_BLOCKS = YES;
				GCC_OPTIMIZATION_LEVEL = 0;
				GCC_PREPROCESSOR_DEFINITIONS = (
					"DEBUG=1",
					"$(inherited)",
				);
				GCC_WARN_64_TO_32_BIT_CONVERSION = YES;
				GCC_WARN_ABOUT_RETURN_TYPE = YES_ERROR;
				GCC_WARN_UNDECLARED_SELECTOR = YES;
				GCC_WARN_UNINITIALIZED_AUTOS = YES_AGGRESSIVE;
				GCC_WARN_UNUSED_FUNCTION = YES;
				GCC_WARN_UNUSED_VARIABLE = YES;
				LOCALIZATION_PREFERS_STRING_CATALOGS = YES;
				MACOSX_DEPLOYMENT_TARGET = 15.1;
				MTL_ENABLE_DEBUG_INFO = INCLUDE_SOURCE;
				MTL_FAST_MATH = YES;
				ONLY_ACTIVE_ARCH = YES;
				SDKROOT = macosx;
				SWIFT_ACTIVE_COMPILATION_CONDITIONS = "DEBUG $(inherited)";
				SWIFT_OPTIMIZATION_LEVEL = "-Onone";
			};
			name = Debug;
		};
		8D36889D2CB082DA00B1F472 /* Release */ = {
			isa = XCBuildConfiguration;
			buildSettings = {
				ALWAYS_SEARCH_USER_PATHS = NO;
				ASSETCATALOG_COMPILER_GENERATE_SWIFT_ASSET_SYMBOL_EXTENSIONS = YES;
				CLANG_ANALYZER_NONNULL = YES;
				CLANG_ANALYZER_NUMBER_OBJECT_CONVERSION = YES_AGGRESSIVE;
				CLANG_CXX_LANGUAGE_STANDARD = "gnu++20";
				CLANG_ENABLE_MODULES = YES;
				CLANG_ENABLE_OBJC_ARC = YES;
				CLANG_ENABLE_OBJC_WEAK = YES;
				CLANG_WARN_BLOCK_CAPTURE_AUTORELEASING = YES;
				CLANG_WARN_BOOL_CONVERSION = YES;
				CLANG_WARN_COMMA = YES;
				CLANG_WARN_CONSTANT_CONVERSION = YES;
				CLANG_WARN_DEPRECATED_OBJC_IMPLEMENTATIONS = YES;
				CLANG_WARN_DIRECT_OBJC_ISA_USAGE = YES_ERROR;
				CLANG_WARN_DOCUMENTATION_COMMENTS = YES;
				CLANG_WARN_EMPTY_BODY = YES;
				CLANG_WARN_ENUM_CONVERSION = YES;
				CLANG_WARN_INFINITE_RECURSION = YES;
				CLANG_WARN_INT_CONVERSION = YES;
				CLANG_WARN_NON_LITERAL_NULL_CONVERSION = YES;
				CLANG_WARN_OBJC_IMPLICIT_RETAIN_SELF = YES;
				CLANG_WARN_OBJC_LITERAL_CONVERSION = YES;
				CLANG_WARN_OBJC_ROOT_CLASS = YES_ERROR;
				CLANG_WARN_QUOTED_INCLUDE_IN_FRAMEWORK_HEADER = YES;
				CLANG_WARN_RANGE_LOOP_ANALYSIS = YES;
				CLANG_WARN_STRICT_PROTOTYPES = YES;
				CLANG_WARN_SUSPICIOUS_MOVE = YES;
				CLANG_WARN_UNGUARDED_AVAILABILITY = YES_AGGRESSIVE;
				CLANG_WARN_UNREACHABLE_CODE = YES;
				CLANG_WARN__DUPLICATE_METHOD_MATCH = YES;
				COPY_PHASE_STRIP = NO;
				DEBUG_INFORMATION_FORMAT = "dwarf-with-dsym";
				ENABLE_NS_ASSERTIONS = NO;
				ENABLE_STRICT_OBJC_MSGSEND = YES;
				ENABLE_USER_SCRIPT_SANDBOXING = YES;
				GCC_C_LANGUAGE_STANDARD = gnu17;
				GCC_NO_COMMON_BLOCKS = YES;
				GCC_WARN_64_TO_32_BIT_CONVERSION = YES;
				GCC_WARN_ABOUT_RETURN_TYPE = YES_ERROR;
				GCC_WARN_UNDECLARED_SELECTOR = YES;
				GCC_WARN_UNINITIALIZED_AUTOS = YES_AGGRESSIVE;
				GCC_WARN_UNUSED_FUNCTION = YES;
				GCC_WARN_UNUSED_VARIABLE = YES;
				LOCALIZATION_PREFERS_STRING_CATALOGS = YES;
				MACOSX_DEPLOYMENT_TARGET = 15.1;
				MTL_ENABLE_DEBUG_INFO = NO;
				MTL_FAST_MATH = YES;
				SDKROOT = macosx;
				SWIFT_COMPILATION_MODE = wholemodule;
			};
			name = Release;
		};
		8D36889F2CB082DA00B1F472 /* Debug */ = {
			isa = XCBuildConfiguration;
			buildSettings = {
				ASSETCATALOG_COMPILER_APPICON_NAME = AppIcon;
				ASSETCATALOG_COMPILER_GLOBAL_ACCENT_COLOR_NAME = AccentColor;
				CODE_SIGN_ENTITLEMENTS = "Tiempo de Uso/Tiempo_de_Uso.entitlements";
				CODE_SIGN_STYLE = Automatic;
				COMBINE_HIDPI_IMAGES = YES;
				CURRENT_PROJECT_VERSION = 1;
				DEVELOPMENT_ASSET_PATHS = "\"Tiempo de Uso/Preview Content\"";
				DEVELOPMENT_TEAM = 44U4N2P8L5;
				ENABLE_HARDENED_RUNTIME = YES;
				ENABLE_PREVIEWS = YES;
				GENERATE_INFOPLIST_FILE = YES;
				INFOPLIST_KEY_NSHumanReadableCopyright = "";
				LD_RUNPATH_SEARCH_PATHS = (
					"$(inherited)",
					"@executable_path/../Frameworks",
				);
				MARKETING_VERSION = 1.0;
				PRODUCT_BUNDLE_IDENTIFIER = "com.macOS.Tiempo-de-Uso";
				PRODUCT_NAME = "$(TARGET_NAME)";
				SWIFT_EMIT_LOC_STRINGS = YES;
				SWIFT_VERSION = 5.0;
			};
			name = Debug;
		};
		8D3688A02CB082DA00B1F472 /* Release */ = {
			isa = XCBuildConfiguration;
			buildSettings = {
				ASSETCATALOG_COMPILER_APPICON_NAME = AppIcon;
				ASSETCATALOG_COMPILER_GLOBAL_ACCENT_COLOR_NAME = AccentColor;
				CODE_SIGN_ENTITLEMENTS = "Tiempo de Uso/Tiempo_de_Uso.entitlements";
				CODE_SIGN_STYLE = Automatic;
				COMBINE_HIDPI_IMAGES = YES;
				CURRENT_PROJECT_VERSION = 1;
				DEVELOPMENT_ASSET_PATHS = "\"Tiempo de Uso/Preview Content\"";
				DEVELOPMENT_TEAM = 44U4N2P8L5;
				ENABLE_HARDENED_RUNTIME = YES;
				ENABLE_PREVIEWS = YES;
				GENERATE_INFOPLIST_FILE = YES;
				INFOPLIST_KEY_NSHumanReadableCopyright = "";
				LD_RUNPATH_SEARCH_PATHS = (
					"$(inherited)",
					"@executable_path/../Frameworks",
				);
				MARKETING_VERSION = 1.0;
				PRODUCT_BUNDLE_IDENTIFIER = "com.macOS.Tiempo-de-Uso";
				PRODUCT_NAME = "$(TARGET_NAME)";
				SWIFT_EMIT_LOC_STRINGS = YES;
				SWIFT_VERSION = 5.0;
			};
			name = Release;
		};
		8D3688A22CB082DA00B1F472 /* Debug */ = {
			isa = XCBuildConfiguration;
			buildSettings = {
				BUNDLE_LOADER = "$(TEST_HOST)";
				CODE_SIGN_STYLE = Automatic;
				CURRENT_PROJECT_VERSION = 1;
				DEVELOPMENT_TEAM = 44U4N2P8L5;
				GENERATE_INFOPLIST_FILE = YES;
				MACOSX_DEPLOYMENT_TARGET = 15.1;
				MARKETING_VERSION = 1.0;
				PRODUCT_BUNDLE_IDENTIFIER = "com.macOS.Tiempo-de-UsoTests";
				PRODUCT_NAME = "$(TARGET_NAME)";
				SWIFT_EMIT_LOC_STRINGS = NO;
				SWIFT_VERSION = 5.0;
				TEST_HOST = "$(BUILT_PRODUCTS_DIR)/Tiempo de Uso.app/$(BUNDLE_EXECUTABLE_FOLDER_PATH)/Tiempo de Uso";
			};
			name = Debug;
		};
		8D3688A32CB082DA00B1F472 /* Release */ = {
			isa = XCBuildConfiguration;
			buildSettings = {
				BUNDLE_LOADER = "$(TEST_HOST)";
				CODE_SIGN_STYLE = Automatic;
				CURRENT_PROJECT_VERSION = 1;
				DEVELOPMENT_TEAM = 44U4N2P8L5;
				GENERATE_INFOPLIST_FILE = YES;
				MACOSX_DEPLOYMENT_TARGET = 15.1;
				MARKETING_VERSION = 1.0;
				PRODUCT_BUNDLE_IDENTIFIER = "com.macOS.Tiempo-de-UsoTests";
				PRODUCT_NAME = "$(TARGET_NAME)";
				SWIFT_EMIT_LOC_STRINGS = NO;
				SWIFT_VERSION = 5.0;
				TEST_HOST = "$(BUILT_PRODUCTS_DIR)/Tiempo de Uso.app/$(BUNDLE_EXECUTABLE_FOLDER_PATH)/Tiempo de Uso";
			};
			name = Release;
		};
		8D3688A52CB082DA00B1F472 /* Debug */ = {
			isa = XCBuildConfiguration;
			buildSettings = {
				CODE_SIGN_STYLE = Automatic;
				CURRENT_PROJECT_VERSION = 1;
				DEVELOPMENT_TEAM = 44U4N2P8L5;
				GENERATE_INFOPLIST_FILE = YES;
				MARKETING_VERSION = 1.0;
				PRODUCT_BUNDLE_IDENTIFIER = "com.macOS.Tiempo-de-UsoUITests";
				PRODUCT_NAME = "$(TARGET_NAME)";
				SWIFT_EMIT_LOC_STRINGS = NO;
				SWIFT_VERSION = 5.0;
				TEST_TARGET_NAME = "Tiempo de Uso";
			};
			name = Debug;
		};
		8D3688A62CB082DA00B1F472 /* Release */ = {
			isa = XCBuildConfiguration;
			buildSettings = {
				CODE_SIGN_STYLE = Automatic;
				CURRENT_PROJECT_VERSION = 1;
				DEVELOPMENT_TEAM = 44U4N2P8L5;
				GENERATE_INFOPLIST_FILE = YES;
				MARKETING_VERSION = 1.0;
				PRODUCT_BUNDLE_IDENTIFIER = "com.macOS.Tiempo-de-UsoUITests";
				PRODUCT_NAME = "$(TARGET_NAME)";
				SWIFT_EMIT_LOC_STRINGS = NO;
				SWIFT_VERSION = 5.0;
				TEST_TARGET_NAME = "Tiempo de Uso";
			};
			name = Release;
		};
/* End XCBuildConfiguration section */

/* Begin XCConfigurationList section */
		8D3688742CB082D800B1F472 /* Build configuration list for PBXProject "Tiempo de Uso" */ = {
			isa = XCConfigurationList;
			buildConfigurations = (
				8D36889C2CB082DA00B1F472 /* Debug */,
				8D36889D2CB082DA00B1F472 /* Release */,
			);
			defaultConfigurationIsVisible = 0;
			defaultConfigurationName = Release;
		};
		8D36889E2CB082DA00B1F472 /* Build configuration list for PBXNativeTarget "Tiempo de Uso" */ = {
			isa = XCConfigurationList;
			buildConfigurations = (
				8D36889F2CB082DA00B1F472 /* Debug */,
				8D3688A02CB082DA00B1F472 /* Release */,
			);
			defaultConfigurationIsVisible = 0;
			defaultConfigurationName = Release;
		};
		8D3688A12CB082DA00B1F472 /* Build configuration list for PBXNativeTarget "Tiempo de UsoTests" */ = {
			isa = XCConfigurationList;
			buildConfigurations = (
				8D3688A22CB082DA00B1F472 /* Debug */,
				8D3688A32CB082DA00B1F472 /* Release */,
			);
			defaultConfigurationIsVisible = 0;
			defaultConfigurationName = Release;
		};
		8D3688A42CB082DA00B1F472 /* Build configuration list for PBXNativeTarget "Tiempo de UsoUITests" */ = {
			isa = XCConfigurationList;
			buildConfigurations = (
				8D3688A52CB082DA00B1F472 /* Debug */,
				8D3688A62CB082DA00B1F472 /* Release */,
			);
			defaultConfigurationIsVisible = 0;
			defaultConfigurationName = Release;
		};
/* End XCConfigurationList section */
	};
	rootObject = 8D3688712CB082D800B1F472 /* Project object */;
}
